// !$*UTF8*$!
{
	archiveVersion = 1;
	classes = {
	};
	objectVersion = 46;
	objects = {

/* Begin PBXBuildFile section */
		D2F7DE5F197288CC009F1FCB /* main.cpp in Sources */ = {isa = PBXBuildFile; fileRef = D2F7DE5E197288CC009F1FCB /* main.cpp */; };
		D2F7DE7C1972B156009F1FCB /* Common.cpp in Sources */ = {isa = PBXBuildFile; fileRef = D2F7DE7A1972B156009F1FCB /* Common.cpp */; };
/* End PBXBuildFile section */

/* Begin PBXCopyFilesBuildPhase section */
		D2F7DE59197288CC009F1FCB /* CopyFiles */ = {
			isa = PBXCopyFilesBuildPhase;
			buildActionMask = 2147483647;
			dstPath = /usr/share/man/man1/;
			dstSubfolderSpec = 0;
			files = (
			);
			runOnlyForDeploymentPostprocessing = 1;
		};
/* End PBXCopyFilesBuildPhase section */

/* Begin PBXFileReference section */
		D2F7DE5B197288CC009F1FCB /* InputSimulator */ = {isa = PBXFileReference; explicitFileType = "compiled.mach-o.executable"; includeInIndex = 0; path = InputSimulator; sourceTree = BUILT_PRODUCTS_DIR; };
		D2F7DE5E197288CC009F1FCB /* main.cpp */ = {isa = PBXFileReference; lastKnownFileType = sourcecode.cpp.cpp; path = main.cpp; sourceTree = "<group>"; };
		D2F7DE7A1972B156009F1FCB /* Common.cpp */ = {isa = PBXFileReference; fileEncoding = 4; lastKnownFileType = sourcecode.cpp.cpp; name = Common.cpp; path = Scheduler/Common.cpp; sourceTree = SOURCE_ROOT; };
		D2F7DE7B1972B156009F1FCB /* Common.h */ = {isa = PBXFileReference; fileEncoding = 4; lastKnownFileType = sourcecode.c.h; name = Common.h; path = Scheduler/Common.h; sourceTree = SOURCE_ROOT; };
/* End PBXFileReference section */

/* Begin PBXFrameworksBuildPhase section */
		D2F7DE58197288CC009F1FCB /* Frameworks */ = {
			isa = PBXFrameworksBuildPhase;
			buildActionMask = 2147483647;
			files = (
			);
			runOnlyForDeploymentPostprocessing = 0;
		};
/* End PBXFrameworksBuildPhase section */

/* Begin PBXGroup section */
		D2F7DE52197288CC009F1FCB = {
			isa = PBXGroup;
			children = (
				D2F7DE5D197288CC009F1FCB /* InputSimulator */,
				D2F7DE5C197288CC009F1FCB /* Products */,
			);
			sourceTree = "<group>";
		};
		D2F7DE5C197288CC009F1FCB /* Products */ = {
			isa = PBXGroup;
			children = (
				D2F7DE5B197288CC009F1FCB /* InputSimulator */,
			);
			name = Products;
			sourceTree = "<group>";
		};
		D2F7DE5D197288CC009F1FCB /* InputSimulator */ = {
			isa = PBXGroup;
			children = (
				D2F7DE7A1972B156009F1FCB /* Common.cpp */,
				D2F7DE7B1972B156009F1FCB /* Common.h */,
				D2F7DE5E197288CC009F1FCB /* main.cpp */,
			);
			path = InputSimulator;
			sourceTree = "<group>";
		};
/* End PBXGroup section */

/* Begin PBXNativeTarget section */
		D2F7DE5A197288CC009F1FCB /* InputSimulator */ = {
			isa = PBXNativeTarget;
			buildConfigurationList = D2F7DE64197288CC009F1FCB /* Build configuration list for PBXNativeTarget "InputSimulator" */;
			buildPhases = (
				D2F7DE57197288CC009F1FCB /* Sources */,
				D2F7DE58197288CC009F1FCB /* Frameworks */,
				D2F7DE59197288CC009F1FCB /* CopyFiles */,
			);
			buildRules = (
			);
			dependencies = (
			);
			name = InputSimulator;
			productName = InputSimulator;
			productReference = D2F7DE5B197288CC009F1FCB /* InputSimulator */;
			productType = "com.apple.product-type.tool";
		};
/* End PBXNativeTarget section */

/* Begin PBXProject section */
		D2F7DE53197288CC009F1FCB /* Project object */ = {
			isa = PBXProject;
			attributes = {
				LastUpgradeCheck = 0510;
				ORGANIZATIONNAME = "Eugene Koiro";
			};
			buildConfigurationList = D2F7DE56197288CC009F1FCB /* Build configuration list for PBXProject "InputSimulator" */;
			compatibilityVersion = "Xcode 3.2";
			developmentRegion = English;
			hasScannedForEncodings = 0;
			knownRegions = (
				en,
			);
			mainGroup = D2F7DE52197288CC009F1FCB;
			productRefGroup = D2F7DE5C197288CC009F1FCB /* Products */;
			projectDirPath = "";
			projectRoot = "";
			targets = (
				D2F7DE5A197288CC009F1FCB /* InputSimulator */,
			);
		};
/* End PBXProject section */

/* Begin PBXSourcesBuildPhase section */
		D2F7DE57197288CC009F1FCB /* Sources */ = {
			isa = PBXSourcesBuildPhase;
			buildActionMask = 2147483647;
			files = (
				D2F7DE7C1972B156009F1FCB /* Common.cpp in Sources */,
				D2F7DE5F197288CC009F1FCB /* main.cpp in Sources */,
			);
			runOnlyForDeploymentPostprocessing = 0;
		};
/* End PBXSourcesBuildPhase section */

/* Begin XCBuildConfiguration section */
		D2F7DE62197288CC009F1FCB /* Debug */ = {
			isa = XCBuildConfiguration;
			buildSettings = {
				ALWAYS_SEARCH_USER_PATHS = NO;
				CLANG_CXX_LANGUAGE_STANDARD = "gnu++0x";
				CLANG_CXX_LIBRARY = "libc++";
				CLANG_ENABLE_MODULES = YES;
				CLANG_ENABLE_OBJC_ARC = YES;
				CLANG_WARN_BOOL_CONVERSION = YES;
				CLANG_WARN_CONSTANT_CONVERSION = YES;
				CLANG_WARN_DIRECT_OBJC_ISA_USAGE = YES_ERROR;
				CLANG_WARN_EMPTY_BODY = YES;
				CLANG_WARN_ENUM_CONVERSION = YES;
				CLANG_WARN_INT_CONVERSION = YES;
				CLANG_WARN_OBJC_ROOT_CLASS = YES_ERROR;
				CLANG_WARN__DUPLICATE_METHOD_MATCH = YES;
				COPY_PHASE_STRIP = NO;
				GCC_C_LANGUAGE_STANDARD = gnu99;
				GCC_DYNAMIC_NO_PIC = NO;
				GCC_ENABLE_OBJC_EXCEPTIONS = YES;
				GCC_OPTIMIZATION_LEVEL = 0;
				GCC_PREPROCESSOR_DEFINITIONS = (
					"DEBUG=1",
					"$(inherited)",
				);
				GCC_SYMBOLS_PRIVATE_EXTERN = NO;
				GCC_WARN_64_TO_32_BIT_CONVERSION = YES;
				GCC_WARN_ABOUT_RETURN_TYPE = YES_ERROR;
				GCC_WARN_UNDECLARED_SELECTOR = YES;
				GCC_WARN_UNINITIALIZED_AUTOS = YES_AGGRESSIVE;
				GCC_WARN_UNUSED_FUNCTION = YES;
				GCC_WARN_UNUSED_VARIABLE = YES;
				MACOSX_DEPLOYMENT_TARGET = 10.9;
				ONLY_ACTIVE_ARCH = YES;
				SDKROOT = macosx;
			};
			name = Debug;
		};
		D2F7DE63197288CC009F1FCB /* Release */ = {
			isa = XCBuildConfiguration;
			buildSettings = {
				ALWAYS_SEARCH_USER_PATHS = NO;
				CLANG_CXX_LANGUAGE_STANDARD = "gnu++0x";
				CLANG_CXX_LIBRARY = "libc++";
				CLANG_ENABLE_MODULES = YES;
				CLANG_ENABLE_OBJC_ARC = YES;
				CLANG_WARN_BOOL_CONVERSION = YES;
				CLANG_WARN_CONSTANT_CONVERSION = YES;
				CLANG_WARN_DIRECT_OBJC_ISA_USAGE = YES_ERROR;
				CLANG_WARN_EMPTY_BODY = YES;
				CLANG_WARN_ENUM_CONVERSION = YES;
				CLANG_WARN_INT_CONVERSION = YES;
				CLANG_WARN_OBJC_ROOT_CLASS = YES_ERROR;
				CLANG_WARN__DUPLICATE_METHOD_MATCH = YES;
				COPY_PHASE_STRIP = YES;
				DEBUG_INFORMATION_FORMAT = "dwarf-with-dsym";
				ENABLE_NS_ASSERTIONS = NO;
				GCC_C_LANGUAGE_STANDARD = gnu99;
				GCC_ENABLE_OBJC_EXCEPTIONS = YES;
				GCC_WARN_64_TO_32_BIT_CONVERSION = YES;
				GCC_WARN_ABOUT_RETURN_TYPE = YES_ERROR;
				GCC_WARN_UNDECLARED_SELECTOR = YES;
				GCC_WARN_UNINITIALIZED_AUTOS = YES_AGGRESSIVE;
				GCC_WARN_UNUSED_FUNCTION = YES;
				GCC_WARN_UNUSED_VARIABLE = YES;
				MACOSX_DEPLOYMENT_TARGET = 10.9;
				SDKROOT = macosx;
			};
			name = Release;
		};
		D2F7DE65197288CC009F1FCB /* Debug */ = {
			isa = XCBuildConfiguration;
			buildSettings = {
				PRODUCT_NAME = "$(TARGET_NAME)";
			};
			name = Debug;
		};
		D2F7DE66197288CC009F1FCB /* Release */ = {
			isa = XCBuildConfiguration;
			buildSettings = {
				PRODUCT_NAME = "$(TARGET_NAME)";
			};
			name = Release;
		};
/* End XCBuildConfiguration section */

/* Begin XCConfigurationList section */
		D2F7DE56197288CC009F1FCB /* Build configuration list for PBXProject "InputSimulator" */ = {
			isa = XCConfigurationList;
			buildConfigurations = (
				D2F7DE62197288CC009F1FCB /* Debug */,
				D2F7DE63197288CC009F1FCB /* Release */,
			);
			defaultConfigurationIsVisible = 0;
			defaultConfigurationName = Release;
		};
		D2F7DE64197288CC009F1FCB /* Build configuration list for PBXNativeTarget "InputSimulator" */ = {
			isa = XCConfigurationList;
			buildConfigurations = (
				D2F7DE65197288CC009F1FCB /* Debug */,
				D2F7DE66197288CC009F1FCB /* Release */,
			);
			defaultConfigurationIsVisible = 0;
			defaultConfigurationName = Release;
		};
/* End XCConfigurationList section */
	};
	rootObject = D2F7DE53197288CC009F1FCB /* Project object */;
}
